
Microsoft Visual Studio Solution File, Format Version 12.00
# Visual Studio Version 17
VisualStudioVersion = 17.7.34302.85
MinimumVisualStudioVersion = 10.0.40219.1
Project("{FAE04EC0-301F-11D3-BF4B-00C04F79EFBC}") = "IO TPL", "IO TPL.csproj", "{7912A6BA-DCD7-42A9-B827-470B25594509}"
EndProject
Global
	GlobalSection(SolutionConfigurationPlatforms) = preSolution
		Debug|Any CPU = Debug|Any CPU
		Release|Any CPU = Release|Any CPU
	EndGlobalSection
	GlobalSection(ProjectConfigurationPlatforms) = postSolution
		{7912A6BA-DCD7-42A9-B827-470B25594509}.Debug|Any CPU.ActiveCfg = Debug|Any CPU
		{7912A6BA-DCD7-42A9-B827-470B25594509}.Debug|Any CPU.Build.0 = Debug|Any CPU
		{7912A6BA-DCD7-42A9-B827-470B25594509}.Release|Any CPU.ActiveCfg = Release|Any CPU
		{7912A6BA-DCD7-42A9-B827-470B25594509}.Release|Any CPU.Build.0 = Release|Any CPU
	EndGlobalSection
	GlobalSection(SolutionProperties) = preSolution
		HideSolutionNode = FALSE
	EndGlobalSection
	GlobalSection(ExtensibilityGlobals) = postSolution
		SolutionGuid = {A8AB616C-1148-4B5C-86F2-E6663FA05A43}
	EndGlobalSection
EndGlobal
